
Microsoft Visual Studio Solution File, Format Version 12.00
# Visual Studio 14
VisualStudioVersion = 14.0.25420.1
MinimumVisualStudioVersion = 10.0.40219.1
Project("{FAE04EC0-301F-11D3-BF4B-00C04F79EFBC}") = "WeatherMappingSystem", "WeatherMappingSystem\WeatherMappingSystem.csproj", "{9FCB6D1A-3D6B-4486-BCBB-07F48E29DF01}"
EndProject
Project("{FAE04EC0-301F-11D3-BF4B-00C04F79EFBC}") = "UnitTestProject1", "UnitTestProject1\UnitTestProject1.csproj", "{70D1A0FF-1D2C-4E4C-8ED9-BC8661790DBC}"
EndProject
Global
	GlobalSection(SolutionConfigurationPlatforms) = preSolution
		Debug|Any CPU = Debug|Any CPU
		Release|Any CPU = Release|Any CPU
	EndGlobalSection
	GlobalSection(ProjectConfigurationPlatforms) = postSolution
		{9FCB6D1A-3D6B-4486-BCBB-07F48E29DF01}.Debug|Any CPU.ActiveCfg = Debug|Any CPU
		{9FCB6D1A-3D6B-4486-BCBB-07F48E29DF01}.Debug|Any CPU.Build.0 = Debug|Any CPU
		{9FCB6D1A-3D6B-4486-BCBB-07F48E29DF01}.Release|Any CPU.ActiveCfg = Release|Any CPU
		{9FCB6D1A-3D6B-4486-BCBB-07F48E29DF01}.Release|Any CPU.Build.0 = Release|Any CPU
		{70D1A0FF-1D2C-4E4C-8ED9-BC8661790DBC}.Debug|Any CPU.ActiveCfg = Debug|Any CPU
		{70D1A0FF-1D2C-4E4C-8ED9-BC8661790DBC}.Debug|Any CPU.Build.0 = Debug|Any CPU
		{70D1A0FF-1D2C-4E4C-8ED9-BC8661790DBC}.Release|Any CPU.ActiveCfg = Release|Any CPU
		{70D1A0FF-1D2C-4E4C-8ED9-BC8661790DBC}.Release|Any CPU.Build.0 = Release|Any CPU
	EndGlobalSection
	GlobalSection(SolutionProperties) = preSolution
		HideSolutionNode = FALSE
	EndGlobalSection
EndGlobal
